
Microsoft Visual Studio Solution File, Format Version 12.00
# Visual Studio Version 17
VisualStudioVersion = 17.4.33110.190
MinimumVisualStudioVersion = 10.0.40219.1
Project("{FAE04EC0-301F-11D3-BF4B-00C04F79EFBC}") = "CampaignProject.DAL", "CampaignProject.DAL\CampaignProject.DAL.csproj", "{5F3262D7-D531-4DC7-9432-B370B50268E8}"
EndProject
Project("{FAE04EC0-301F-11D3-BF4B-00C04F79EFBC}") = "CampaignProject.Entity", "CampaignProject.Entity\CampaignProject.Entity.csproj", "{FF5CAA4D-120F-4876-99A7-85C575B488EE}"
EndProject
Project("{FAE04EC0-301F-11D3-BF4B-00C04F79EFBC}") = "CampaignProject.Model", "CampaignProject.Model\CampaignProject.Model.csproj", "{891609C8-627B-457A-A8F1-0B263B342413}"
EndProject
Project("{FAE04EC0-301F-11D3-BF4B-00C04F79EFBC}") = "CampaignProject.Data.Sql", "CampaignProject.Data.Sql\CampaignProject.Data.Sql.csproj", "{7905CC92-84C4-4942-9759-009D2E2C765B}"
EndProject
Project("{9A19103F-16F7-4668-BE54-9A1E7A4F7556}") = "CampaignProject.MicroService", "CampaignProject.MicroService\CampaignProject.MicroService.csproj", "{03F907B5-81C0-4358-B36F-5290169F99D0}"
EndProject
Global
	GlobalSection(SolutionConfigurationPlatforms) = preSolution
		Debug|Any CPU = Debug|Any CPU
		Release|Any CPU = Release|Any CPU
	EndGlobalSection
	GlobalSection(ProjectConfigurationPlatforms) = postSolution
		{5F3262D7-D531-4DC7-9432-B370B50268E8}.Debug|Any CPU.ActiveCfg = Debug|Any CPU
		{5F3262D7-D531-4DC7-9432-B370B50268E8}.Debug|Any CPU.Build.0 = Debug|Any CPU
		{5F3262D7-D531-4DC7-9432-B370B50268E8}.Release|Any CPU.ActiveCfg = Release|Any CPU
		{5F3262D7-D531-4DC7-9432-B370B50268E8}.Release|Any CPU.Build.0 = Release|Any CPU
		{FF5CAA4D-120F-4876-99A7-85C575B488EE}.Debug|Any CPU.ActiveCfg = Debug|Any CPU
		{FF5CAA4D-120F-4876-99A7-85C575B488EE}.Debug|Any CPU.Build.0 = Debug|Any CPU
		{FF5CAA4D-120F-4876-99A7-85C575B488EE}.Release|Any CPU.ActiveCfg = Release|Any CPU
		{FF5CAA4D-120F-4876-99A7-85C575B488EE}.Release|Any CPU.Build.0 = Release|Any CPU
		{891609C8-627B-457A-A8F1-0B263B342413}.Debug|Any CPU.ActiveCfg = Debug|Any CPU
		{891609C8-627B-457A-A8F1-0B263B342413}.Debug|Any CPU.Build.0 = Debug|Any CPU
		{891609C8-627B-457A-A8F1-0B263B342413}.Release|Any CPU.ActiveCfg = Release|Any CPU
		{891609C8-627B-457A-A8F1-0B263B342413}.Release|Any CPU.Build.0 = Release|Any CPU
		{7905CC92-84C4-4942-9759-009D2E2C765B}.Debug|Any CPU.ActiveCfg = Debug|Any CPU
		{7905CC92-84C4-4942-9759-009D2E2C765B}.Debug|Any CPU.Build.0 = Debug|Any CPU
		{7905CC92-84C4-4942-9759-009D2E2C765B}.Release|Any CPU.ActiveCfg = Release|Any CPU
		{7905CC92-84C4-4942-9759-009D2E2C765B}.Release|Any CPU.Build.0 = Release|Any CPU
		{03F907B5-81C0-4358-B36F-5290169F99D0}.Debug|Any CPU.ActiveCfg = Debug|Any CPU
		{03F907B5-81C0-4358-B36F-5290169F99D0}.Debug|Any CPU.Build.0 = Debug|Any CPU
		{03F907B5-81C0-4358-B36F-5290169F99D0}.Release|Any CPU.ActiveCfg = Release|Any CPU
		{03F907B5-81C0-4358-B36F-5290169F99D0}.Release|Any CPU.Build.0 = Release|Any CPU
	EndGlobalSection
	GlobalSection(SolutionProperties) = preSolution
		HideSolutionNode = FALSE
	EndGlobalSection
	GlobalSection(ExtensibilityGlobals) = postSolution
		SolutionGuid = {921D3DC1-20B0-466B-B9DD-05979D37D743}
	EndGlobalSection
EndGlobal
